
Microsoft Visual Studio Solution File, Format Version 12.00
# Visual Studio 15
VisualStudioVersion = 15.0.27703.2042
MinimumVisualStudioVersion = 10.0.40219.1
Project("{FAE04EC0-301F-11D3-BF4B-00C04F79EFBC}") = "BlueRidgeUtility", "BlueRidgeUtility\BlueRidgeUtility.csproj", "{18588F01-1336-44F1-BF53-9715F5F8A538}"
EndProject
Project("{FAE04EC0-301F-11D3-BF4B-00C04F79EFBC}") = "BlueRidgeUtility_DAL", "BlueRidgeUtility_DAL\BlueRidgeUtility_DAL.csproj", "{5A9F033F-CD88-43C5-B631-A63A059CAB0A}"
EndProject
Project("{FAE04EC0-301F-11D3-BF4B-00C04F79EFBC}") = "BlueRidgeUtility_BAL", "BlueRidgeUtility_BAL\BlueRidgeUtility_BAL.csproj", "{436AE0FE-C007-4B19-9281-630E02D03487}"
EndProject
Global
	GlobalSection(SolutionConfigurationPlatforms) = preSolution
		Debug|Any CPU = Debug|Any CPU
		Release|Any CPU = Release|Any CPU
	EndGlobalSection
	GlobalSection(ProjectConfigurationPlatforms) = postSolution
		{18588F01-1336-44F1-BF53-9715F5F8A538}.Debug|Any CPU.ActiveCfg = Debug|Any CPU
		{18588F01-1336-44F1-BF53-9715F5F8A538}.Debug|Any CPU.Build.0 = Debug|Any CPU
		{18588F01-1336-44F1-BF53-9715F5F8A538}.Release|Any CPU.ActiveCfg = Release|Any CPU
		{18588F01-1336-44F1-BF53-9715F5F8A538}.Release|Any CPU.Build.0 = Release|Any CPU
		{5A9F033F-CD88-43C5-B631-A63A059CAB0A}.Debug|Any CPU.ActiveCfg = Debug|Any CPU
		{5A9F033F-CD88-43C5-B631-A63A059CAB0A}.Debug|Any CPU.Build.0 = Debug|Any CPU
		{5A9F033F-CD88-43C5-B631-A63A059CAB0A}.Release|Any CPU.ActiveCfg = Release|Any CPU
		{5A9F033F-CD88-43C5-B631-A63A059CAB0A}.Release|Any CPU.Build.0 = Release|Any CPU
		{436AE0FE-C007-4B19-9281-630E02D03487}.Debug|Any CPU.ActiveCfg = Debug|Any CPU
		{436AE0FE-C007-4B19-9281-630E02D03487}.Debug|Any CPU.Build.0 = Debug|Any CPU
		{436AE0FE-C007-4B19-9281-630E02D03487}.Release|Any CPU.ActiveCfg = Release|Any CPU
		{436AE0FE-C007-4B19-9281-630E02D03487}.Release|Any CPU.Build.0 = Release|Any CPU
	EndGlobalSection
	GlobalSection(SolutionProperties) = preSolution
		HideSolutionNode = FALSE
	EndGlobalSection
	GlobalSection(ExtensibilityGlobals) = postSolution
		SolutionGuid = {489CEDCE-B384-4046-8FC1-06DD239CE1E0}
	EndGlobalSection
EndGlobal
